<?xml version="1.0" encoding="utf-8"?>
<Project ToolsVersion="4.0" xmlns="http://schemas.microsoft.com/developer/msbuild/2003">
  <ItemGroup>
    <ClCompile Include="..\main.cpp" />
    <ClCompile Include="..\imgui\imgui.cpp">
      <Filter>imgui</Filter>
    </ClCompile>
    <ClCompile Include="..\imgui\imgui_demo.cpp">
      <Filter>imgui</Filter>
    </ClCompile>
    <ClCompile Include="..\imgui\imgui_draw.cpp">
      <Filter>imgui</Filter>
    </ClCompile>
    <ClCompile Include="..\opengl.cpp" />
    <ClCompile Include="..\imgui_impl_sdl_gl3.cpp" />
    <ClCompile Include="..\scene.cpp" />
    <ClCompile Include="..\renderer.cpp" />
    <ClCompile Include="..\runtimecpp.cpp" />
    <ClCompile Include="..\shaderreloader.cpp" />
    <ClCompile Include="..\mysdl_dpi.cpp" />
    <ClCompile Include="..\sceneloader.cpp" />
    <ClCompile Include="..\animation.cpp" />
  </ItemGroup>
  <ItemGroup>
    <None Include="..\scene.frag" />
    <None Include="..\scene.vert" />
    <None Include="..\skinning.vert" />
  </ItemGroup>
  <ItemGroup>
    <Filter Include="imgui">
      <UniqueIdentifier>{3479df71-2b5f-4946-91c9-c2230f7caa41}</UniqueIdentifier>
    </Filter>
  </ItemGroup>
  <ItemGroup>
    <ClInclude Include="..\imgui\imconfig.h">
      <Filter>imgui</Filter>
    </ClInclude>
    <ClInclude Include="..\imgui\imgui.h">
      <Filter>imgui</Filter>
    </ClInclude>
    <ClInclude Include="..\imgui\imgui_internal.h">
      <Filter>imgui</Filter>
    </ClInclude>
    <ClInclude Include="..\imgui\stb_rect_pack.h">
      <Filter>imgui</Filter>
    </ClInclude>
    <ClInclude Include="..\imgui\stb_textedit.h">
      <Filter>imgui</Filter>
    </ClInclude>
    <ClInclude Include="..\opengl.h" />
    <ClInclude Include="..\imgui_impl_sdl_gl3.h" />
    <ClInclude Include="..\scene.h" />
    <ClInclude Include="..\renderer.h" />
    <ClInclude Include="..\dynamics.h" />
    <ClInclude Include="..\runtimecpp.h" />
    <ClInclude Include="..\shaderreloader.h" />
    <ClInclude Include="..\mysdl_dpi.h" />
    <ClInclude Include="..\sceneloader.h" />
    <ClInclude Include="..\animation.h" />
  </ItemGroup>
</Project>